
Microsoft Visual Studio Solution File, Format Version 12.00
# Visual Studio 15
VisualStudioVersion = 15.0.28307.645
MinimumVisualStudioVersion = 10.0.40219.1
Project("{9A19103F-16F7-4668-BE54-9A1E7A4F7556}") = "Prestige.Identity.WebApi", "src\Prestige.Identity.WebApi\Prestige.Identity.WebApi.csproj", "{58F330E5-D1BE-4F88-9258-21D7E3306DF3}"
EndProject
Project("{FAE04EC0-301F-11D3-BF4B-00C04F79EFBC}") = "Prestige.Identity.Data", "src\Prestige.Identity.Data\Prestige.Identity.Data.csproj", "{5F04F634-7A55-4443-BDDD-CE52061B95B6}"
EndProject
Global
	GlobalSection(SolutionConfigurationPlatforms) = preSolution
		Debug|Any CPU = Debug|Any CPU
		Release|Any CPU = Release|Any CPU
	EndGlobalSection
	GlobalSection(ProjectConfigurationPlatforms) = postSolution
		{58F330E5-D1BE-4F88-9258-21D7E3306DF3}.Debug|Any CPU.ActiveCfg = Debug|Any CPU
		{58F330E5-D1BE-4F88-9258-21D7E3306DF3}.Debug|Any CPU.Build.0 = Debug|Any CPU
		{58F330E5-D1BE-4F88-9258-21D7E3306DF3}.Release|Any CPU.ActiveCfg = Release|Any CPU
		{58F330E5-D1BE-4F88-9258-21D7E3306DF3}.Release|Any CPU.Build.0 = Release|Any CPU
		{5F04F634-7A55-4443-BDDD-CE52061B95B6}.Debug|Any CPU.ActiveCfg = Debug|Any CPU
		{5F04F634-7A55-4443-BDDD-CE52061B95B6}.Debug|Any CPU.Build.0 = Debug|Any CPU
		{5F04F634-7A55-4443-BDDD-CE52061B95B6}.Release|Any CPU.ActiveCfg = Release|Any CPU
		{5F04F634-7A55-4443-BDDD-CE52061B95B6}.Release|Any CPU.Build.0 = Release|Any CPU
	EndGlobalSection
	GlobalSection(SolutionProperties) = preSolution
		HideSolutionNode = FALSE
	EndGlobalSection
	GlobalSection(ExtensibilityGlobals) = postSolution
		SolutionGuid = {5F670CC4-915A-405A-A272-2639424D10EC}
	EndGlobalSection
EndGlobal
